{
  "name": "sentinel-project",
  "version": "1.0.0",
  "lockfileVersion": 3,
  "requires": true,
  "packages": {
    "": {
      "name": "sentinel-project",
      "version": "1.0.0",
      "license": "ISC",
      "dependencies": {
        "sentinel-project": "file:"
      }
    },
    "node_modules/sentinel-project": {
      "resolved": "",
      "link": true
    }
  }
}
